
Microsoft Visual Studio Solution File, Format Version 12.00
# Visual Studio Version 17
VisualStudioVersion = 17.6.33829.357
MinimumVisualStudioVersion = 10.0.40219.1
Project("{9A19103F-16F7-4668-BE54-9A1E7A4F7556}") = "ResearchLink", "ResearchLink\ResearchLink.csproj", "{C745B60E-1388-4709-877E-2A74832E26EC}"
EndProject
Project("{9A19103F-16F7-4668-BE54-9A1E7A4F7556}") = "ResearchLink.Core", "ResearchLink.Core\ResearchLink.Core.csproj", "{036478C7-B2AD-43BE-95AF-9ED8F13A8092}"
EndProject
Global
	GlobalSection(SolutionConfigurationPlatforms) = preSolution
		Debug|Any CPU = Debug|Any CPU
		Release|Any CPU = Release|Any CPU
	EndGlobalSection
	GlobalSection(ProjectConfigurationPlatforms) = postSolution
		{C745B60E-1388-4709-877E-2A74832E26EC}.Debug|Any CPU.ActiveCfg = Debug|Any CPU
		{C745B60E-1388-4709-877E-2A74832E26EC}.Debug|Any CPU.Build.0 = Debug|Any CPU
		{C745B60E-1388-4709-877E-2A74832E26EC}.Release|Any CPU.ActiveCfg = Release|Any CPU
		{C745B60E-1388-4709-877E-2A74832E26EC}.Release|Any CPU.Build.0 = Release|Any CPU
		{036478C7-B2AD-43BE-95AF-9ED8F13A8092}.Debug|Any CPU.ActiveCfg = Debug|Any CPU
		{036478C7-B2AD-43BE-95AF-9ED8F13A8092}.Debug|Any CPU.Build.0 = Debug|Any CPU
		{036478C7-B2AD-43BE-95AF-9ED8F13A8092}.Release|Any CPU.ActiveCfg = Release|Any CPU
		{036478C7-B2AD-43BE-95AF-9ED8F13A8092}.Release|Any CPU.Build.0 = Release|Any CPU
	EndGlobalSection
	GlobalSection(SolutionProperties) = preSolution
		HideSolutionNode = FALSE
	EndGlobalSection
	GlobalSection(ExtensibilityGlobals) = postSolution
		SolutionGuid = {6660D274-D384-443D-9860-B2AA282189B8}
	EndGlobalSection
EndGlobal
